// !$*UTF8*$!
{
	archiveVersion = 1;
	classes = {
	};
	objectVersion = 46;
	objects = {

/* Begin PBXBuildFile section */
		4804E9B8178AB26F007DD98A /* bchtmb_WD1.csv in Resources */ = {isa = PBXBuildFile; fileRef = 4804E9B4178AB26F007DD98A /* bchtmb_WD1.csv */; };
		4804E9B9178AB26F007DD98A /* bchtmb_WD2.csv in Resources */ = {isa = PBXBuildFile; fileRef = 4804E9B5178AB26F007DD98A /* bchtmb_WD2.csv */; };
		4804E9BA178AB26F007DD98A /* bchtmb_WE1.csv in Resources */ = {isa = PBXBuildFile; fileRef = 4804E9B6178AB26F007DD98A /* bchtmb_WE1.csv */; };
		4804E9BB178AB26F007DD98A /* bchtmb_WE2.csv in Resources */ = {isa = PBXBuildFile; fileRef = 4804E9B7178AB26F007DD98A /* bchtmb_WE2.csv */; };
		4804E9BD178AB29E007DD98A /* bchtmb_main.csv in Resources */ = {isa = PBXBuildFile; fileRef = 4804E9BC178AB29E007DD98A /* bchtmb_main.csv */; };
		4804E9C9178B0026007DD98A /* tmbchg_main.csv in Resources */ = {isa = PBXBuildFile; fileRef = 4804E9C4178B0026007DD98A /* tmbchg_main.csv */; };
		4804E9CA178B0026007DD98A /* tmbchg_WD1.csv in Resources */ = {isa = PBXBuildFile; fileRef = 4804E9C5178B0026007DD98A /* tmbchg_WD1.csv */; };
		4804E9CB178B0026007DD98A /* tmbchg_WD2.csv in Resources */ = {isa = PBXBuildFile; fileRef = 4804E9C6178B0026007DD98A /* tmbchg_WD2.csv */; };
		4804E9CC178B0026007DD98A /* tmbchg_WE1.csv in Resources */ = {isa = PBXBuildFile; fileRef = 4804E9C7178B0026007DD98A /* tmbchg_WE1.csv */; };
		4804E9CD178B0026007DD98A /* tmbchg_WE2.csv in Resources */ = {isa = PBXBuildFile; fileRef = 4804E9C8178B0026007DD98A /* tmbchg_WE2.csv */; };
		4804E9D2178BED33007DD98A /* ctltni_main.csv in Resources */ = {isa = PBXBuildFile; fileRef = 4804E9D0178BED33007DD98A /* ctltni_main.csv */; };
		4804E9D3178BED33007DD98A /* ctltni_WD1.csv in Resources */ = {isa = PBXBuildFile; fileRef = 4804E9D1178BED33007DD98A /* ctltni_WD1.csv */; };
		4804E9E5178C88DB007DD98A /* chethi_main.csv in Resources */ = {isa = PBXBuildFile; fileRef = 4804E9D8178C88DB007DD98A /* chethi_main.csv */; };
		4804E9E6178C88DB007DD98A /* chethi_WD1.csv in Resources */ = {isa = PBXBuildFile; fileRef = 4804E9D9178C88DB007DD98A /* chethi_WD1.csv */; };
		4804E9E7178C88DB007DD98A /* chethi_WD2.csv in Resources */ = {isa = PBXBuildFile; fileRef = 4804E9DA178C88DB007DD98A /* chethi_WD2.csv */; };
		4804E9E8178C88DB007DD98A /* chethi_WE1.csv in Resources */ = {isa = PBXBuildFile; fileRef = 4804E9DB178C88DB007DD98A /* chethi_WE1.csv */; };
		4804E9E9178C88DB007DD98A /* chethi_WE2.csv in Resources */ = {isa = PBXBuildFile; fileRef = 4804E9DC178C88DB007DD98A /* chethi_WE2.csv */; };
		4804E9EA178C88DB007DD98A /* ctlsul_main.csv in Resources */ = {isa = PBXBuildFile; fileRef = 4804E9DD178C88DB007DD98A /* ctlsul_main.csv */; };
		4804E9EB178C88DB007DD98A /* ctlsul_WD1.csv in Resources */ = {isa = PBXBuildFile; fileRef = 4804E9DE178C88DB007DD98A /* ctlsul_WD1.csv */; };
		4804E9EC178C88DB007DD98A /* ctlsul_WD2.csv in Resources */ = {isa = PBXBuildFile; fileRef = 4804E9DF178C88DB007DD98A /* ctlsul_WD2.csv */; };
		4804E9ED178C88DB007DD98A /* ctlsul_WE1.csv in Resources */ = {isa = PBXBuildFile; fileRef = 4804E9E0178C88DB007DD98A /* ctlsul_WE1.csv */; };
		4804E9EE178C88DB007DD98A /* ctlsul_WE2.csv in Resources */ = {isa = PBXBuildFile; fileRef = 4804E9E1178C88DB007DD98A /* ctlsul_WE2.csv */; };
		4804E9EF178C88DB007DD98A /* ctltni_WD2.csv in Resources */ = {isa = PBXBuildFile; fileRef = 4804E9E2178C88DB007DD98A /* ctltni_WD2.csv */; };
		4804E9F0178C88DB007DD98A /* ctltni_WE1.csv in Resources */ = {isa = PBXBuildFile; fileRef = 4804E9E3178C88DB007DD98A /* ctltni_WE1.csv */; };
		4804E9F1178C88DB007DD98A /* ctltni_WE2.csv in Resources */ = {isa = PBXBuildFile; fileRef = 4804E9E4178C88DB007DD98A /* ctltni_WE2.csv */; };
		4837818A1789564000B7F1F4 /* Cocoa.framework in Frameworks */ = {isa = PBXBuildFile; fileRef = 483781891789564000B7F1F4 /* Cocoa.framework */; };
		483781941789564000B7F1F4 /* InfoPlist.strings in Resources */ = {isa = PBXBuildFile; fileRef = 483781921789564000B7F1F4 /* InfoPlist.strings */; };
		483781961789564000B7F1F4 /* main.m in Sources */ = {isa = PBXBuildFile; fileRef = 483781951789564000B7F1F4 /* main.m */; };
		4837819A1789564000B7F1F4 /* Credits.rtf in Resources */ = {isa = PBXBuildFile; fileRef = 483781981789564000B7F1F4 /* Credits.rtf */; };
		4837819D1789564000B7F1F4 /* AppDelegate.m in Sources */ = {isa = PBXBuildFile; fileRef = 4837819C1789564000B7F1F4 /* AppDelegate.m */; };
		483781A01789564000B7F1F4 /* MainMenu.xib in Resources */ = {isa = PBXBuildFile; fileRef = 4837819E1789564000B7F1F4 /* MainMenu.xib */; };
		483781AB17898A4300B7F1F4 /* mrts_main.csv in Resources */ = {isa = PBXBuildFile; fileRef = 483781AA17898A4300B7F1F4 /* mrts_main.csv */; };
		4849327B183259DA00F4FA0C /* bchsul_main.csv in Resources */ = {isa = PBXBuildFile; fileRef = 48493271183259DA00F4FA0C /* bchsul_main.csv */; };
		4849327C183259DA00F4FA0C /* bchsul_WD1.csv in Resources */ = {isa = PBXBuildFile; fileRef = 48493272183259DA00F4FA0C /* bchsul_WD1.csv */; };
		4849327D183259DA00F4FA0C /* bchsul_WD2.csv in Resources */ = {isa = PBXBuildFile; fileRef = 48493273183259DA00F4FA0C /* bchsul_WD2.csv */; };
		4849327E183259DA00F4FA0C /* bchsul_WE1.csv in Resources */ = {isa = PBXBuildFile; fileRef = 48493274183259DA00F4FA0C /* bchsul_WE1.csv */; };
		4849327F183259DA00F4FA0C /* bchsul_WE2.csv in Resources */ = {isa = PBXBuildFile; fileRef = 48493275183259DA00F4FA0C /* bchsul_WE2.csv */; };
		48493280183259DA00F4FA0C /* bchtni_main.csv in Resources */ = {isa = PBXBuildFile; fileRef = 48493276183259DA00F4FA0C /* bchtni_main.csv */; };
		48493281183259DA00F4FA0C /* bchtni_WD1.csv in Resources */ = {isa = PBXBuildFile; fileRef = 48493277183259DA00F4FA0C /* bchtni_WD1.csv */; };
		48493282183259DA00F4FA0C /* bchtni_WD2.csv in Resources */ = {isa = PBXBuildFile; fileRef = 48493278183259DA00F4FA0C /* bchtni_WD2.csv */; };
		48493283183259DA00F4FA0C /* bchtni_WE1.csv in Resources */ = {isa = PBXBuildFile; fileRef = 48493279183259DA00F4FA0C /* bchtni_WE1.csv */; };
		48493284183259DA00F4FA0C /* bchtni_WE2.csv in Resources */ = {isa = PBXBuildFile; fileRef = 4849327A183259DA00F4FA0C /* bchtni_WE2.csv */; };
		487C10A2185B441E00DFE723 /* bchsul.plist in Resources */ = {isa = PBXBuildFile; fileRef = 487C109E185B441E00DFE723 /* bchsul.plist */; };
		487C10A3185B441E00DFE723 /* bchtmb.plist in Resources */ = {isa = PBXBuildFile; fileRef = 487C109F185B441E00DFE723 /* bchtmb.plist */; };
		487C10A4185B441E00DFE723 /* bchtni.plist in Resources */ = {isa = PBXBuildFile; fileRef = 487C10A0185B441E00DFE723 /* bchtni.plist */; };
		487C10A5185B441E00DFE723 /* tmbchg.plist in Resources */ = {isa = PBXBuildFile; fileRef = 487C10A1185B441E00DFE723 /* tmbchg.plist */; };
		487C10A7185B442C00DFE723 /* mrts.plist in Resources */ = {isa = PBXBuildFile; fileRef = 487C10A6185B442C00DFE723 /* mrts.plist */; };
		48C82C62178995E00031FEC8 /* mrts_WD1.csv in Resources */ = {isa = PBXBuildFile; fileRef = 48C82C61178995E00031FEC8 /* mrts_WD1.csv */; };
		48C82C681789AAC20031FEC8 /* mrts_old.plist in Resources */ = {isa = PBXBuildFile; fileRef = 48C82C671789AAC20031FEC8 /* mrts_old.plist */; };
		48C82C6C1789C7C30031FEC8 /* mrts_WD2.csv in Resources */ = {isa = PBXBuildFile; fileRef = 48C82C691789C7C30031FEC8 /* mrts_WD2.csv */; };
		48C82C6D1789C7C30031FEC8 /* mrts_WE1.csv in Resources */ = {isa = PBXBuildFile; fileRef = 48C82C6A1789C7C30031FEC8 /* mrts_WE1.csv */; };
		48C82C6E1789C7C30031FEC8 /* mrts_WE2.csv in Resources */ = {isa = PBXBuildFile; fileRef = 48C82C6B1789C7C30031FEC8 /* mrts_WE2.csv */; };
		48C82C711789C8FE0031FEC8 /* Util.m in Sources */ = {isa = PBXBuildFile; fileRef = 48C82C701789C8FE0031FEC8 /* Util.m */; };
/* End PBXBuildFile section */

/* Begin PBXFileReference section */
		4804E9B4178AB26F007DD98A /* bchtmb_WD1.csv */ = {isa = PBXFileReference; fileEncoding = 4; lastKnownFileType = text; name = bchtmb_WD1.csv; path = GeneratePlist/bchtmb_WD1.csv; sourceTree = "<group>"; };
		4804E9B5178AB26F007DD98A /* bchtmb_WD2.csv */ = {isa = PBXFileReference; fileEncoding = 4; lastKnownFileType = text; name = bchtmb_WD2.csv; path = GeneratePlist/bchtmb_WD2.csv; sourceTree = "<group>"; };
		4804E9B6178AB26F007DD98A /* bchtmb_WE1.csv */ = {isa = PBXFileReference; fileEncoding = 4; lastKnownFileType = text; name = bchtmb_WE1.csv; path = GeneratePlist/bchtmb_WE1.csv; sourceTree = "<group>"; };
		4804E9B7178AB26F007DD98A /* bchtmb_WE2.csv */ = {isa = PBXFileReference; fileEncoding = 4; lastKnownFileType = text; name = bchtmb_WE2.csv; path = GeneratePlist/bchtmb_WE2.csv; sourceTree = "<group>"; };
		4804E9BC178AB29E007DD98A /* bchtmb_main.csv */ = {isa = PBXFileReference; fileEncoding = 4; lastKnownFileType = text; name = bchtmb_main.csv; path = GeneratePlist/bchtmb_main.csv; sourceTree = "<group>"; };
		4804E9C4178B0026007DD98A /* tmbchg_main.csv */ = {isa = PBXFileReference; fileEncoding = 4; lastKnownFileType = text; path = tmbchg_main.csv; sourceTree = "<group>"; };
		4804E9C5178B0026007DD98A /* tmbchg_WD1.csv */ = {isa = PBXFileReference; fileEncoding = 4; lastKnownFileType = text; path = tmbchg_WD1.csv; sourceTree = "<group>"; };
		4804E9C6178B0026007DD98A /* tmbchg_WD2.csv */ = {isa = PBXFileReference; fileEncoding = 4; lastKnownFileType = text; path = tmbchg_WD2.csv; sourceTree = "<group>"; };
		4804E9C7178B0026007DD98A /* tmbchg_WE1.csv */ = {isa = PBXFileReference; fileEncoding = 4; lastKnownFileType = text; path = tmbchg_WE1.csv; sourceTree = "<group>"; };
		4804E9C8178B0026007DD98A /* tmbchg_WE2.csv */ = {isa = PBXFileReference; fileEncoding = 4; lastKnownFileType = text; path = tmbchg_WE2.csv; sourceTree = "<group>"; };
		4804E9D0178BED33007DD98A /* ctltni_main.csv */ = {isa = PBXFileReference; fileEncoding = 4; lastKnownFileType = text; name = ctltni_main.csv; path = GeneratePlist/ctltni_main.csv; sourceTree = "<group>"; };
		4804E9D1178BED33007DD98A /* ctltni_WD1.csv */ = {isa = PBXFileReference; fileEncoding = 4; lastKnownFileType = text; name = ctltni_WD1.csv; path = GeneratePlist/ctltni_WD1.csv; sourceTree = "<group>"; };
		4804E9D8178C88DB007DD98A /* chethi_main.csv */ = {isa = PBXFileReference; fileEncoding = 4; lastKnownFileType = text; name = chethi_main.csv; path = GeneratePlist/chethi_main.csv; sourceTree = "<group>"; };
		4804E9D9178C88DB007DD98A /* chethi_WD1.csv */ = {isa = PBXFileReference; fileEncoding = 4; lastKnownFileType = text; name = chethi_WD1.csv; path = GeneratePlist/chethi_WD1.csv; sourceTree = "<group>"; };
		4804E9DA178C88DB007DD98A /* chethi_WD2.csv */ = {isa = PBXFileReference; fileEncoding = 4; lastKnownFileType = text; name = chethi_WD2.csv; path = GeneratePlist/chethi_WD2.csv; sourceTree = "<group>"; };
		4804E9DB178C88DB007DD98A /* chethi_WE1.csv */ = {isa = PBXFileReference; fileEncoding = 4; lastKnownFileType = text; name = chethi_WE1.csv; path = GeneratePlist/chethi_WE1.csv; sourceTree = "<group>"; };
		4804E9DC178C88DB007DD98A /* chethi_WE2.csv */ = {isa = PBXFileReference; fileEncoding = 4; lastKnownFileType = text; name = chethi_WE2.csv; path = GeneratePlist/chethi_WE2.csv; sourceTree = "<group>"; };
		4804E9DD178C88DB007DD98A /* ctlsul_main.csv */ = {isa = PBXFileReference; fileEncoding = 4; lastKnownFileType = text; name = ctlsul_main.csv; path = GeneratePlist/ctlsul_main.csv; sourceTree = "<group>"; };
		4804E9DE178C88DB007DD98A /* ctlsul_WD1.csv */ = {isa = PBXFileReference; fileEncoding = 4; lastKnownFileType = text; name = ctlsul_WD1.csv; path = GeneratePlist/ctlsul_WD1.csv; sourceTree = "<group>"; };
		4804E9DF178C88DB007DD98A /* ctlsul_WD2.csv */ = {isa = PBXFileReference; fileEncoding = 4; lastKnownFileType = text; name = ctlsul_WD2.csv; path = GeneratePlist/ctlsul_WD2.csv; sourceTree = "<group>"; };
		4804E9E0178C88DB007DD98A /* ctlsul_WE1.csv */ = {isa = PBXFileReference; fileEncoding = 4; lastKnownFileType = text; name = ctlsul_WE1.csv; path = GeneratePlist/ctlsul_WE1.csv; sourceTree = "<group>"; };
		4804E9E1178C88DB007DD98A /* ctlsul_WE2.csv */ = {isa = PBXFileReference; fileEncoding = 4; lastKnownFileType = text; name = ctlsul_WE2.csv; path = GeneratePlist/ctlsul_WE2.csv; sourceTree = "<group>"; };
		4804E9E2178C88DB007DD98A /* ctltni_WD2.csv */ = {isa = PBXFileReference; fileEncoding = 4; lastKnownFileType = text; name = ctltni_WD2.csv; path = GeneratePlist/ctltni_WD2.csv; sourceTree = "<group>"; };
		4804E9E3178C88DB007DD98A /* ctltni_WE1.csv */ = {isa = PBXFileReference; fileEncoding = 4; lastKnownFileType = text; name = ctltni_WE1.csv; path = GeneratePlist/ctltni_WE1.csv; sourceTree = "<group>"; };
		4804E9E4178C88DB007DD98A /* ctltni_WE2.csv */ = {isa = PBXFileReference; fileEncoding = 4; lastKnownFileType = text; name = ctltni_WE2.csv; path = GeneratePlist/ctltni_WE2.csv; sourceTree = "<group>"; };
		483781861789564000B7F1F4 /* GeneratePlist.app */ = {isa = PBXFileReference; explicitFileType = wrapper.application; includeInIndex = 0; path = GeneratePlist.app; sourceTree = BUILT_PRODUCTS_DIR; };
		483781891789564000B7F1F4 /* Cocoa.framework */ = {isa = PBXFileReference; lastKnownFileType = wrapper.framework; name = Cocoa.framework; path = System/Library/Frameworks/Cocoa.framework; sourceTree = SDKROOT; };
		4837818C1789564000B7F1F4 /* AppKit.framework */ = {isa = PBXFileReference; lastKnownFileType = wrapper.framework; name = AppKit.framework; path = System/Library/Frameworks/AppKit.framework; sourceTree = SDKROOT; };
		4837818D1789564000B7F1F4 /* CoreData.framework */ = {isa = PBXFileReference; lastKnownFileType = wrapper.framework; name = CoreData.framework; path = System/Library/Frameworks/CoreData.framework; sourceTree = SDKROOT; };
		4837818E1789564000B7F1F4 /* Foundation.framework */ = {isa = PBXFileReference; lastKnownFileType = wrapper.framework; name = Foundation.framework; path = System/Library/Frameworks/Foundation.framework; sourceTree = SDKROOT; };
		483781911789564000B7F1F4 /* GeneratePlist-Info.plist */ = {isa = PBXFileReference; lastKnownFileType = text.plist.xml; path = "GeneratePlist-Info.plist"; sourceTree = "<group>"; };
		483781931789564000B7F1F4 /* en */ = {isa = PBXFileReference; lastKnownFileType = text.plist.strings; name = en; path = en.lproj/InfoPlist.strings; sourceTree = "<group>"; };
		483781951789564000B7F1F4 /* main.m */ = {isa = PBXFileReference; lastKnownFileType = sourcecode.c.objc; path = main.m; sourceTree = "<group>"; };
		483781971789564000B7F1F4 /* GeneratePlist-Prefix.pch */ = {isa = PBXFileReference; lastKnownFileType = sourcecode.c.h; path = "GeneratePlist-Prefix.pch"; sourceTree = "<group>"; };
		483781991789564000B7F1F4 /* en */ = {isa = PBXFileReference; lastKnownFileType = text.rtf; name = en; path = en.lproj/Credits.rtf; sourceTree = "<group>"; };
		4837819B1789564000B7F1F4 /* AppDelegate.h */ = {isa = PBXFileReference; lastKnownFileType = sourcecode.c.h; path = AppDelegate.h; sourceTree = "<group>"; };
		4837819C1789564000B7F1F4 /* AppDelegate.m */ = {isa = PBXFileReference; lastKnownFileType = sourcecode.c.objc; path = AppDelegate.m; sourceTree = "<group>"; };
		4837819F1789564000B7F1F4 /* en */ = {isa = PBXFileReference; lastKnownFileType = file.xib; name = en; path = en.lproj/MainMenu.xib; sourceTree = "<group>"; };
		483781AA17898A4300B7F1F4 /* mrts_main.csv */ = {isa = PBXFileReference; fileEncoding = 4; lastKnownFileType = text; path = mrts_main.csv; sourceTree = "<group>"; };
		48493271183259DA00F4FA0C /* bchsul_main.csv */ = {isa = PBXFileReference; fileEncoding = 4; lastKnownFileType = text; name = bchsul_main.csv; path = GeneratePlist/bchsul_main.csv; sourceTree = "<group>"; };
		48493272183259DA00F4FA0C /* bchsul_WD1.csv */ = {isa = PBXFileReference; fileEncoding = 4; lastKnownFileType = text; name = bchsul_WD1.csv; path = GeneratePlist/bchsul_WD1.csv; sourceTree = "<group>"; };
		48493273183259DA00F4FA0C /* bchsul_WD2.csv */ = {isa = PBXFileReference; fileEncoding = 4; lastKnownFileType = text; name = bchsul_WD2.csv; path = GeneratePlist/bchsul_WD2.csv; sourceTree = "<group>"; };
		48493274183259DA00F4FA0C /* bchsul_WE1.csv */ = {isa = PBXFileReference; fileEncoding = 4; lastKnownFileType = text; name = bchsul_WE1.csv; path = GeneratePlist/bchsul_WE1.csv; sourceTree = "<group>"; };
		48493275183259DA00F4FA0C /* bchsul_WE2.csv */ = {isa = PBXFileReference; fileEncoding = 4; lastKnownFileType = text; name = bchsul_WE2.csv; path = GeneratePlist/bchsul_WE2.csv; sourceTree = "<group>"; };
		48493276183259DA00F4FA0C /* bchtni_main.csv */ = {isa = PBXFileReference; fileEncoding = 4; lastKnownFileType = text; name = bchtni_main.csv; path = GeneratePlist/bchtni_main.csv; sourceTree = "<group>"; };
		48493277183259DA00F4FA0C /* bchtni_WD1.csv */ = {isa = PBXFileReference; fileEncoding = 4; lastKnownFileType = text; name = bchtni_WD1.csv; path = GeneratePlist/bchtni_WD1.csv; sourceTree = "<group>"; };
		48493278183259DA00F4FA0C /* bchtni_WD2.csv */ = {isa = PBXFileReference; fileEncoding = 4; lastKnownFileType = text; name = bchtni_WD2.csv; path = GeneratePlist/bchtni_WD2.csv; sourceTree = "<group>"; };
		48493279183259DA00F4FA0C /* bchtni_WE1.csv */ = {isa = PBXFileReference; fileEncoding = 4; lastKnownFileType = text; name = bchtni_WE1.csv; path = GeneratePlist/bchtni_WE1.csv; sourceTree = "<group>"; };
		4849327A183259DA00F4FA0C /* bchtni_WE2.csv */ = {isa = PBXFileReference; fileEncoding = 4; lastKnownFileType = text; name = bchtni_WE2.csv; path = GeneratePlist/bchtni_WE2.csv; sourceTree = "<group>"; };
		487C109E185B441E00DFE723 /* bchsul.plist */ = {isa = PBXFileReference; fileEncoding = 4; lastKnownFileType = text.plist.xml; path = bchsul.plist; sourceTree = "<group>"; };
		487C109F185B441E00DFE723 /* bchtmb.plist */ = {isa = PBXFileReference; fileEncoding = 4; lastKnownFileType = text.plist.xml; path = bchtmb.plist; sourceTree = "<group>"; };
		487C10A0185B441E00DFE723 /* bchtni.plist */ = {isa = PBXFileReference; fileEncoding = 4; lastKnownFileType = text.plist.xml; path = bchtni.plist; sourceTree = "<group>"; };
		487C10A1185B441E00DFE723 /* tmbchg.plist */ = {isa = PBXFileReference; fileEncoding = 4; lastKnownFileType = text.plist.xml; path = tmbchg.plist; sourceTree = "<group>"; };
		487C10A6185B442C00DFE723 /* mrts.plist */ = {isa = PBXFileReference; fileEncoding = 4; lastKnownFileType = text.plist.xml; path = mrts.plist; sourceTree = "<group>"; };
		48C82C61178995E00031FEC8 /* mrts_WD1.csv */ = {isa = PBXFileReference; fileEncoding = 4; lastKnownFileType = text; name = mrts_WD1.csv; path = GeneratePlist/mrts_WD1.csv; sourceTree = "<group>"; };
		48C82C671789AAC20031FEC8 /* mrts_old.plist */ = {isa = PBXFileReference; fileEncoding = 4; lastKnownFileType = text.plist.xml; path = mrts_old.plist; sourceTree = "<group>"; };
		48C82C691789C7C30031FEC8 /* mrts_WD2.csv */ = {isa = PBXFileReference; fileEncoding = 4; lastKnownFileType = text; name = mrts_WD2.csv; path = GeneratePlist/mrts_WD2.csv; sourceTree = "<group>"; };
		48C82C6A1789C7C30031FEC8 /* mrts_WE1.csv */ = {isa = PBXFileReference; fileEncoding = 4; lastKnownFileType = text; name = mrts_WE1.csv; path = GeneratePlist/mrts_WE1.csv; sourceTree = "<group>"; };
		48C82C6B1789C7C30031FEC8 /* mrts_WE2.csv */ = {isa = PBXFileReference; fileEncoding = 4; lastKnownFileType = text; name = mrts_WE2.csv; path = GeneratePlist/mrts_WE2.csv; sourceTree = "<group>"; };
		48C82C6F1789C8FE0031FEC8 /* Util.h */ = {isa = PBXFileReference; fileEncoding = 4; lastKnownFileType = sourcecode.c.h; path = Util.h; sourceTree = "<group>"; };
		48C82C701789C8FE0031FEC8 /* Util.m */ = {isa = PBXFileReference; fileEncoding = 4; lastKnownFileType = sourcecode.c.objc; path = Util.m; sourceTree = "<group>"; };
/* End PBXFileReference section */

/* Begin PBXFrameworksBuildPhase section */
		483781831789564000B7F1F4 /* Frameworks */ = {
			isa = PBXFrameworksBuildPhase;
			buildActionMask = 2147483647;
			files = (
				4837818A1789564000B7F1F4 /* Cocoa.framework in Frameworks */,
			);
			runOnlyForDeploymentPostprocessing = 0;
		};
/* End PBXFrameworksBuildPhase section */

/* Begin PBXGroup section */
		4837817D1789564000B7F1F4 = {
			isa = PBXGroup;
			children = (
				487C10A6185B442C00DFE723 /* mrts.plist */,
				487C109E185B441E00DFE723 /* bchsul.plist */,
				487C109F185B441E00DFE723 /* bchtmb.plist */,
				487C10A0185B441E00DFE723 /* bchtni.plist */,
				487C10A1185B441E00DFE723 /* tmbchg.plist */,
				48493271183259DA00F4FA0C /* bchsul_main.csv */,
				48493272183259DA00F4FA0C /* bchsul_WD1.csv */,
				48493273183259DA00F4FA0C /* bchsul_WD2.csv */,
				48493274183259DA00F4FA0C /* bchsul_WE1.csv */,
				48493275183259DA00F4FA0C /* bchsul_WE2.csv */,
				48493276183259DA00F4FA0C /* bchtni_main.csv */,
				48493277183259DA00F4FA0C /* bchtni_WD1.csv */,
				48493278183259DA00F4FA0C /* bchtni_WD2.csv */,
				48493279183259DA00F4FA0C /* bchtni_WE1.csv */,
				4849327A183259DA00F4FA0C /* bchtni_WE2.csv */,
				4804E9D8178C88DB007DD98A /* chethi_main.csv */,
				4804E9D9178C88DB007DD98A /* chethi_WD1.csv */,
				4804E9DA178C88DB007DD98A /* chethi_WD2.csv */,
				4804E9DB178C88DB007DD98A /* chethi_WE1.csv */,
				4804E9DC178C88DB007DD98A /* chethi_WE2.csv */,
				4804E9DD178C88DB007DD98A /* ctlsul_main.csv */,
				4804E9DE178C88DB007DD98A /* ctlsul_WD1.csv */,
				4804E9DF178C88DB007DD98A /* ctlsul_WD2.csv */,
				4804E9E0178C88DB007DD98A /* ctlsul_WE1.csv */,
				4804E9E1178C88DB007DD98A /* ctlsul_WE2.csv */,
				4804E9E2178C88DB007DD98A /* ctltni_WD2.csv */,
				4804E9E3178C88DB007DD98A /* ctltni_WE1.csv */,
				4804E9E4178C88DB007DD98A /* ctltni_WE2.csv */,
				4804E9D0178BED33007DD98A /* ctltni_main.csv */,
				4804E9D1178BED33007DD98A /* ctltni_WD1.csv */,
				4804E9BC178AB29E007DD98A /* bchtmb_main.csv */,
				4804E9B4178AB26F007DD98A /* bchtmb_WD1.csv */,
				4804E9B5178AB26F007DD98A /* bchtmb_WD2.csv */,
				4804E9B6178AB26F007DD98A /* bchtmb_WE1.csv */,
				4804E9B7178AB26F007DD98A /* bchtmb_WE2.csv */,
				48C82C691789C7C30031FEC8 /* mrts_WD2.csv */,
				48C82C6A1789C7C30031FEC8 /* mrts_WE1.csv */,
				48C82C6B1789C7C30031FEC8 /* mrts_WE2.csv */,
				48C82C671789AAC20031FEC8 /* mrts_old.plist */,
				48C82C61178995E00031FEC8 /* mrts_WD1.csv */,
				4837818F1789564000B7F1F4 /* GeneratePlist */,
				483781881789564000B7F1F4 /* Frameworks */,
				483781871789564000B7F1F4 /* Products */,
			);
			sourceTree = "<group>";
		};
		483781871789564000B7F1F4 /* Products */ = {
			isa = PBXGroup;
			children = (
				483781861789564000B7F1F4 /* GeneratePlist.app */,
			);
			name = Products;
			sourceTree = "<group>";
		};
		483781881789564000B7F1F4 /* Frameworks */ = {
			isa = PBXGroup;
			children = (
				483781891789564000B7F1F4 /* Cocoa.framework */,
				4837818B1789564000B7F1F4 /* Other Frameworks */,
			);
			name = Frameworks;
			sourceTree = "<group>";
		};
		4837818B1789564000B7F1F4 /* Other Frameworks */ = {
			isa = PBXGroup;
			children = (
				4837818C1789564000B7F1F4 /* AppKit.framework */,
				4837818D1789564000B7F1F4 /* CoreData.framework */,
				4837818E1789564000B7F1F4 /* Foundation.framework */,
			);
			name = "Other Frameworks";
			sourceTree = "<group>";
		};
		4837818F1789564000B7F1F4 /* GeneratePlist */ = {
			isa = PBXGroup;
			children = (
				4804E9C4178B0026007DD98A /* tmbchg_main.csv */,
				4804E9C5178B0026007DD98A /* tmbchg_WD1.csv */,
				4804E9C6178B0026007DD98A /* tmbchg_WD2.csv */,
				4804E9C7178B0026007DD98A /* tmbchg_WE1.csv */,
				4804E9C8178B0026007DD98A /* tmbchg_WE2.csv */,
				483781AA17898A4300B7F1F4 /* mrts_main.csv */,
				4837819B1789564000B7F1F4 /* AppDelegate.h */,
				4837819C1789564000B7F1F4 /* AppDelegate.m */,
				4837819E1789564000B7F1F4 /* MainMenu.xib */,
				483781901789564000B7F1F4 /* Supporting Files */,
				48C82C6F1789C8FE0031FEC8 /* Util.h */,
				48C82C701789C8FE0031FEC8 /* Util.m */,
			);
			path = GeneratePlist;
			sourceTree = "<group>";
		};
		483781901789564000B7F1F4 /* Supporting Files */ = {
			isa = PBXGroup;
			children = (
				483781911789564000B7F1F4 /* GeneratePlist-Info.plist */,
				483781921789564000B7F1F4 /* InfoPlist.strings */,
				483781951789564000B7F1F4 /* main.m */,
				483781971789564000B7F1F4 /* GeneratePlist-Prefix.pch */,
				483781981789564000B7F1F4 /* Credits.rtf */,
			);
			name = "Supporting Files";
			sourceTree = "<group>";
		};
/* End PBXGroup section */

/* Begin PBXNativeTarget section */
		483781851789564000B7F1F4 /* GeneratePlist */ = {
			isa = PBXNativeTarget;
			buildConfigurationList = 483781A31789564000B7F1F4 /* Build configuration list for PBXNativeTarget "GeneratePlist" */;
			buildPhases = (
				483781821789564000B7F1F4 /* Sources */,
				483781831789564000B7F1F4 /* Frameworks */,
				483781841789564000B7F1F4 /* Resources */,
			);
			buildRules = (
			);
			dependencies = (
			);
			name = GeneratePlist;
			productName = GeneratePlist;
			productReference = 483781861789564000B7F1F4 /* GeneratePlist.app */;
			productType = "com.apple.product-type.application";
		};
/* End PBXNativeTarget section */

/* Begin PBXProject section */
		4837817E1789564000B7F1F4 /* Project object */ = {
			isa = PBXProject;
			attributes = {
				LastUpgradeCheck = 0460;
				ORGANIZATIONNAME = "Ravi Shankar";
			};
			buildConfigurationList = 483781811789564000B7F1F4 /* Build configuration list for PBXProject "GeneratePlist" */;
			compatibilityVersion = "Xcode 3.2";
			developmentRegion = English;
			hasScannedForEncodings = 0;
			knownRegions = (
				en,
			);
			mainGroup = 4837817D1789564000B7F1F4;
			productRefGroup = 483781871789564000B7F1F4 /* Products */;
			projectDirPath = "";
			projectRoot = "";
			targets = (
				483781851789564000B7F1F4 /* GeneratePlist */,
			);
		};
/* End PBXProject section */

/* Begin PBXResourcesBuildPhase section */
		483781841789564000B7F1F4 /* Resources */ = {
			isa = PBXResourcesBuildPhase;
			buildActionMask = 2147483647;
			files = (
				483781941789564000B7F1F4 /* InfoPlist.strings in Resources */,
				4837819A1789564000B7F1F4 /* Credits.rtf in Resources */,
				4849327B183259DA00F4FA0C /* bchsul_main.csv in Resources */,
				483781A01789564000B7F1F4 /* MainMenu.xib in Resources */,
				487C10A7185B442C00DFE723 /* mrts.plist in Resources */,
				4849327C183259DA00F4FA0C /* bchsul_WD1.csv in Resources */,
				483781AB17898A4300B7F1F4 /* mrts_main.csv in Resources */,
				48C82C62178995E00031FEC8 /* mrts_WD1.csv in Resources */,
				48C82C681789AAC20031FEC8 /* mrts_old.plist in Resources */,
				48C82C6C1789C7C30031FEC8 /* mrts_WD2.csv in Resources */,
				4849327E183259DA00F4FA0C /* bchsul_WE1.csv in Resources */,
				4849327F183259DA00F4FA0C /* bchsul_WE2.csv in Resources */,
				487C10A5185B441E00DFE723 /* tmbchg.plist in Resources */,
				48C82C6D1789C7C30031FEC8 /* mrts_WE1.csv in Resources */,
				48C82C6E1789C7C30031FEC8 /* mrts_WE2.csv in Resources */,
				4804E9B8178AB26F007DD98A /* bchtmb_WD1.csv in Resources */,
				4804E9B9178AB26F007DD98A /* bchtmb_WD2.csv in Resources */,
				4804E9BA178AB26F007DD98A /* bchtmb_WE1.csv in Resources */,
				4849327D183259DA00F4FA0C /* bchsul_WD2.csv in Resources */,
				4804E9BB178AB26F007DD98A /* bchtmb_WE2.csv in Resources */,
				48493282183259DA00F4FA0C /* bchtni_WD2.csv in Resources */,
				4804E9BD178AB29E007DD98A /* bchtmb_main.csv in Resources */,
				487C10A3185B441E00DFE723 /* bchtmb.plist in Resources */,
				4804E9C9178B0026007DD98A /* tmbchg_main.csv in Resources */,
				48493284183259DA00F4FA0C /* bchtni_WE2.csv in Resources */,
				4804E9CA178B0026007DD98A /* tmbchg_WD1.csv in Resources */,
				4804E9CB178B0026007DD98A /* tmbchg_WD2.csv in Resources */,
				4804E9CC178B0026007DD98A /* tmbchg_WE1.csv in Resources */,
				4804E9CD178B0026007DD98A /* tmbchg_WE2.csv in Resources */,
				4804E9D2178BED33007DD98A /* ctltni_main.csv in Resources */,
				4804E9D3178BED33007DD98A /* ctltni_WD1.csv in Resources */,
				487C10A2185B441E00DFE723 /* bchsul.plist in Resources */,
				4804E9E5178C88DB007DD98A /* chethi_main.csv in Resources */,
				4804E9E6178C88DB007DD98A /* chethi_WD1.csv in Resources */,
				4804E9E7178C88DB007DD98A /* chethi_WD2.csv in Resources */,
				48493283183259DA00F4FA0C /* bchtni_WE1.csv in Resources */,
				4804E9E8178C88DB007DD98A /* chethi_WE1.csv in Resources */,
				4804E9E9178C88DB007DD98A /* chethi_WE2.csv in Resources */,
				4804E9EA178C88DB007DD98A /* ctlsul_main.csv in Resources */,
				4804E9EB178C88DB007DD98A /* ctlsul_WD1.csv in Resources */,
				4804E9EC178C88DB007DD98A /* ctlsul_WD2.csv in Resources */,
				4804E9ED178C88DB007DD98A /* ctlsul_WE1.csv in Resources */,
				4804E9EE178C88DB007DD98A /* ctlsul_WE2.csv in Resources */,
				4804E9EF178C88DB007DD98A /* ctltni_WD2.csv in Resources */,
				48493280183259DA00F4FA0C /* bchtni_main.csv in Resources */,
				4804E9F0178C88DB007DD98A /* ctltni_WE1.csv in Resources */,
				4804E9F1178C88DB007DD98A /* ctltni_WE2.csv in Resources */,
				487C10A4185B441E00DFE723 /* bchtni.plist in Resources */,
				48493281183259DA00F4FA0C /* bchtni_WD1.csv in Resources */,
			);
			runOnlyForDeploymentPostprocessing = 0;
		};
/* End PBXResourcesBuildPhase section */

/* Begin PBXSourcesBuildPhase section */
		483781821789564000B7F1F4 /* Sources */ = {
			isa = PBXSourcesBuildPhase;
			buildActionMask = 2147483647;
			files = (
				483781961789564000B7F1F4 /* main.m in Sources */,
				4837819D1789564000B7F1F4 /* AppDelegate.m in Sources */,
				48C82C711789C8FE0031FEC8 /* Util.m in Sources */,
			);
			runOnlyForDeploymentPostprocessing = 0;
		};
/* End PBXSourcesBuildPhase section */

/* Begin PBXVariantGroup section */
		483781921789564000B7F1F4 /* InfoPlist.strings */ = {
			isa = PBXVariantGroup;
			children = (
				483781931789564000B7F1F4 /* en */,
			);
			name = InfoPlist.strings;
			sourceTree = "<group>";
		};
		483781981789564000B7F1F4 /* Credits.rtf */ = {
			isa = PBXVariantGroup;
			children = (
				483781991789564000B7F1F4 /* en */,
			);
			name = Credits.rtf;
			sourceTree = "<group>";
		};
		4837819E1789564000B7F1F4 /* MainMenu.xib */ = {
			isa = PBXVariantGroup;
			children = (
				4837819F1789564000B7F1F4 /* en */,
			);
			name = MainMenu.xib;
			sourceTree = "<group>";
		};
/* End PBXVariantGroup section */

/* Begin XCBuildConfiguration section */
		483781A11789564000B7F1F4 /* Debug */ = {
			isa = XCBuildConfiguration;
			buildSettings = {
				ALWAYS_SEARCH_USER_PATHS = NO;
				ARCHS = "$(ARCHS_STANDARD_64_BIT)";
				CLANG_CXX_LANGUAGE_STANDARD = "gnu++0x";
				CLANG_CXX_LIBRARY = "libc++";
				CLANG_ENABLE_OBJC_ARC = YES;
				CLANG_WARN_CONSTANT_CONVERSION = YES;
				CLANG_WARN_EMPTY_BODY = YES;
				CLANG_WARN_ENUM_CONVERSION = YES;
				CLANG_WARN_INT_CONVERSION = YES;
				CLANG_WARN__DUPLICATE_METHOD_MATCH = YES;
				COPY_PHASE_STRIP = NO;
				GCC_C_LANGUAGE_STANDARD = gnu99;
				GCC_DYNAMIC_NO_PIC = NO;
				GCC_ENABLE_OBJC_EXCEPTIONS = YES;
				GCC_OPTIMIZATION_LEVEL = 0;
				GCC_PREPROCESSOR_DEFINITIONS = (
					"DEBUG=1",
					"$(inherited)",
				);
				GCC_SYMBOLS_PRIVATE_EXTERN = NO;
				GCC_WARN_64_TO_32_BIT_CONVERSION = YES;
				GCC_WARN_ABOUT_RETURN_TYPE = YES;
				GCC_WARN_UNINITIALIZED_AUTOS = YES;
				GCC_WARN_UNUSED_VARIABLE = YES;
				MACOSX_DEPLOYMENT_TARGET = 10.8;
				ONLY_ACTIVE_ARCH = YES;
				SDKROOT = macosx;
			};
			name = Debug;
		};
		483781A21789564000B7F1F4 /* Release */ = {
			isa = XCBuildConfiguration;
			buildSettings = {
				ALWAYS_SEARCH_USER_PATHS = NO;
				ARCHS = "$(ARCHS_STANDARD_64_BIT)";
				CLANG_CXX_LANGUAGE_STANDARD = "gnu++0x";
				CLANG_CXX_LIBRARY = "libc++";
				CLANG_ENABLE_OBJC_ARC = YES;
				CLANG_WARN_CONSTANT_CONVERSION = YES;
				CLANG_WARN_EMPTY_BODY = YES;
				CLANG_WARN_ENUM_CONVERSION = YES;
				CLANG_WARN_INT_CONVERSION = YES;
				CLANG_WARN__DUPLICATE_METHOD_MATCH = YES;
				COPY_PHASE_STRIP = YES;
				DEBUG_INFORMATION_FORMAT = "dwarf-with-dsym";
				GCC_C_LANGUAGE_STANDARD = gnu99;
				GCC_ENABLE_OBJC_EXCEPTIONS = YES;
				GCC_WARN_64_TO_32_BIT_CONVERSION = YES;
				GCC_WARN_ABOUT_RETURN_TYPE = YES;
				GCC_WARN_UNINITIALIZED_AUTOS = YES;
				GCC_WARN_UNUSED_VARIABLE = YES;
				MACOSX_DEPLOYMENT_TARGET = 10.8;
				SDKROOT = macosx;
			};
			name = Release;
		};
		483781A41789564000B7F1F4 /* Debug */ = {
			isa = XCBuildConfiguration;
			buildSettings = {
				COMBINE_HIDPI_IMAGES = YES;
				GCC_PRECOMPILE_PREFIX_HEADER = YES;
				GCC_PREFIX_HEADER = "GeneratePlist/GeneratePlist-Prefix.pch";
				INFOPLIST_FILE = "GeneratePlist/GeneratePlist-Info.plist";
				PRODUCT_NAME = "$(TARGET_NAME)";
				WRAPPER_EXTENSION = app;
			};
			name = Debug;
		};
		483781A51789564000B7F1F4 /* Release */ = {
			isa = XCBuildConfiguration;
			buildSettings = {
				COMBINE_HIDPI_IMAGES = YES;
				GCC_PRECOMPILE_PREFIX_HEADER = YES;
				GCC_PREFIX_HEADER = "GeneratePlist/GeneratePlist-Prefix.pch";
				INFOPLIST_FILE = "GeneratePlist/GeneratePlist-Info.plist";
				PRODUCT_NAME = "$(TARGET_NAME)";
				WRAPPER_EXTENSION = app;
			};
			name = Release;
		};
/* End XCBuildConfiguration section */

/* Begin XCConfigurationList section */
		483781811789564000B7F1F4 /* Build configuration list for PBXProject "GeneratePlist" */ = {
			isa = XCConfigurationList;
			buildConfigurations = (
				483781A11789564000B7F1F4 /* Debug */,
				483781A21789564000B7F1F4 /* Release */,
			);
			defaultConfigurationIsVisible = 0;
			defaultConfigurationName = Release;
		};
		483781A31789564000B7F1F4 /* Build configuration list for PBXNativeTarget "GeneratePlist" */ = {
			isa = XCConfigurationList;
			buildConfigurations = (
				483781A41789564000B7F1F4 /* Debug */,
				483781A51789564000B7F1F4 /* Release */,
			);
			defaultConfigurationIsVisible = 0;
			defaultConfigurationName = Release;
		};
/* End XCConfigurationList section */
	};
	rootObject = 4837817E1789564000B7F1F4 /* Project object */;
}
